
Microsoft Visual Studio Solution File, Format Version 12.00
# Visual Studio Version 17
VisualStudioVersion = 17.5.33516.290
MinimumVisualStudioVersion = 10.0.40219.1
Project("{2150E333-8FDC-42A3-9474-1A3956D46DE8}") = "src", "src", "{AED2E44F-29E7-499B-90E3-FC3752801B5E}"
EndProject
Project("{9A19103F-16F7-4668-BE54-9A1E7A4F7556}") = "DVRP.Domain", "src\DVRP.Domain\DVRP.Domain.csproj", "{10DBA9B7-DAD3-4132-B679-D3297A398158}"
EndProject
Project("{9A19103F-16F7-4668-BE54-9A1E7A4F7556}") = "DVRP.UI", "src\DVRP.UI\DVRP.UI.csproj", "{04DDFC7E-CCCD-4FD0-890E-38686F49BB62}"
EndProject
Project("{9A19103F-16F7-4668-BE54-9A1E7A4F7556}") = "DVRP.Application", "src\DVRP.Application\DVRP.Application.csproj", "{443330B1-CA49-4DD0-95D1-1DBE1D3AF9A0}"
EndProject
Project("{FAE04EC0-301F-11D3-BF4B-00C04F79EFBC}") = "DVRP.Console", "src\DVRP.Console\DVRP.Console.csproj", "{8AFD1426-79AD-4010-9438-626150F701A1}"
EndProject
Global
	GlobalSection(SolutionConfigurationPlatforms) = preSolution
		Debug|Any CPU = Debug|Any CPU
		Release|Any CPU = Release|Any CPU
	EndGlobalSection
	GlobalSection(ProjectConfigurationPlatforms) = postSolution
		{10DBA9B7-DAD3-4132-B679-D3297A398158}.Debug|Any CPU.ActiveCfg = Debug|Any CPU
		{10DBA9B7-DAD3-4132-B679-D3297A398158}.Debug|Any CPU.Build.0 = Debug|Any CPU
		{10DBA9B7-DAD3-4132-B679-D3297A398158}.Release|Any CPU.ActiveCfg = Release|Any CPU
		{10DBA9B7-DAD3-4132-B679-D3297A398158}.Release|Any CPU.Build.0 = Release|Any CPU
		{04DDFC7E-CCCD-4FD0-890E-38686F49BB62}.Debug|Any CPU.ActiveCfg = Debug|Any CPU
		{04DDFC7E-CCCD-4FD0-890E-38686F49BB62}.Debug|Any CPU.Build.0 = Debug|Any CPU
		{04DDFC7E-CCCD-4FD0-890E-38686F49BB62}.Release|Any CPU.ActiveCfg = Release|Any CPU
		{04DDFC7E-CCCD-4FD0-890E-38686F49BB62}.Release|Any CPU.Build.0 = Release|Any CPU
		{443330B1-CA49-4DD0-95D1-1DBE1D3AF9A0}.Debug|Any CPU.ActiveCfg = Debug|Any CPU
		{443330B1-CA49-4DD0-95D1-1DBE1D3AF9A0}.Debug|Any CPU.Build.0 = Debug|Any CPU
		{443330B1-CA49-4DD0-95D1-1DBE1D3AF9A0}.Release|Any CPU.ActiveCfg = Release|Any CPU
		{443330B1-CA49-4DD0-95D1-1DBE1D3AF9A0}.Release|Any CPU.Build.0 = Release|Any CPU
		{8AFD1426-79AD-4010-9438-626150F701A1}.Debug|Any CPU.ActiveCfg = Debug|Any CPU
		{8AFD1426-79AD-4010-9438-626150F701A1}.Debug|Any CPU.Build.0 = Debug|Any CPU
		{8AFD1426-79AD-4010-9438-626150F701A1}.Release|Any CPU.ActiveCfg = Release|Any CPU
		{8AFD1426-79AD-4010-9438-626150F701A1}.Release|Any CPU.Build.0 = Release|Any CPU
	EndGlobalSection
	GlobalSection(SolutionProperties) = preSolution
		HideSolutionNode = FALSE
	EndGlobalSection
	GlobalSection(NestedProjects) = preSolution
		{10DBA9B7-DAD3-4132-B679-D3297A398158} = {AED2E44F-29E7-499B-90E3-FC3752801B5E}
		{04DDFC7E-CCCD-4FD0-890E-38686F49BB62} = {AED2E44F-29E7-499B-90E3-FC3752801B5E}
		{443330B1-CA49-4DD0-95D1-1DBE1D3AF9A0} = {AED2E44F-29E7-499B-90E3-FC3752801B5E}
		{8AFD1426-79AD-4010-9438-626150F701A1} = {AED2E44F-29E7-499B-90E3-FC3752801B5E}
	EndGlobalSection
	GlobalSection(ExtensibilityGlobals) = postSolution
		SolutionGuid = {0E71B3E0-861D-4186-8AB5-E9A463A960CB}
	EndGlobalSection
EndGlobal
